<?xml version="1.0" encoding="utf-8"?>
<Project ToolsVersion="4.0" xmlns="http://schemas.microsoft.com/developer/msbuild/2003">
  <ItemGroup>
    <Filter Include="Source Files">
      <UniqueIdentifier>{4FC737F1-C7A5-4376-A066-2A32D752A2FF}</UniqueIdentifier>
      <Extensions>cpp;c;cc;cxx;def;odl;idl;hpj;bat;asm;asmx</Extensions>
    </Filter>
    <Filter Include="Header Files">
      <UniqueIdentifier>{93995380-89BD-4b04-88EB-625FBE52EBFB}</UniqueIdentifier>
      <Extensions>h;hh;hpp;hxx;hm;inl;inc;ipp;xsd</Extensions>
    </Filter>
    <Filter Include="Resource Files">
      <UniqueIdentifier>{67DA6AB6-F800-4c08-8B7A-83BB121AAD01}</UniqueIdentifier>
      <Extensions>rc;ico;cur;bmp;dlg;rc2;rct;bin;rgs;gif;jpg;jpeg;jpe;resx;tiff;tif;png;wav;mfcribbon-ms</Extensions>
    </Filter>
  </ItemGroup>
  <ItemGroup>
    <ClInclude Include="pch.h">
      <Filter>Header Files</Filter>
    </ClInclude>
  </ItemGroup>
  <ItemGroup>
    <ClCompile Include="reverse-or-rotate.cpp">
      <Filter>Source Files</Filter>
    </ClCompile>
    <ClCompile Include="_main.cpp">
      <Filter>Source Files</Filter>
    </ClCompile>
    <ClCompile Include="primes-in-number.cpp">
      <Filter>Source Files</Filter>
    </ClCompile>
    <ClCompile Include="decode-the-morse-code.cpp">
      <Filter>Source Files</Filter>
    </ClCompile>
    <ClCompile Include="maximum-length-difference.cpp">
      <Filter>Source Files</Filter>
    </ClCompile>
    <ClCompile Include="_pch.cpp">
      <Filter>Source Files</Filter>
    </ClCompile>
    <ClCompile Include="brick-pyramid.cpp">
      <Filter>Source Files</Filter>
    </ClCompile>
    <ClCompile Include="decimal-to-factorial-and-back.cpp">
      <Filter>Source Files</Filter>
    </ClCompile>
    <ClCompile Include="how-many-times-does-it-contain.cpp">
      <Filter>Source Files</Filter>
    </ClCompile>
    <ClCompile Include="the-supermarket-queue.cpp">
      <Filter>Source Files</Filter>
    </ClCompile>
    <ClCompile Include="multiples-of-3-or-5.cpp">
      <Filter>Source Files</Filter>
    </ClCompile>
    <ClCompile Include="thinking-and-testing-incomplete-string.cpp">
      <Filter>Source Files</Filter>
    </ClCompile>
    <ClCompile Include="bundesliga-1-spieltag-first-match-day.cpp">
      <Filter>Source Files</Filter>
    </ClCompile>
    <ClCompile Include="playing-with-digits.cpp">
      <Filter>Source Files</Filter>
    </ClCompile>
    <ClCompile Include="moves-in-squared-strings-ii.cpp">
      <Filter>Source Files</Filter>
    </ClCompile>
    <ClCompile Include="braking-well.cpp">
      <Filter>Source Files</Filter>
    </ClCompile>
    <ClCompile Include="directions-reduction.cpp">
      <Filter>Source Files</Filter>
    </ClCompile>
    <ClCompile Include="consecutive-strings.cpp">
      <Filter>Source Files</Filter>
    </ClCompile>
  </ItemGroup>
</Project>