
Microsoft Visual Studio Solution File, Format Version 12.00
# Visual Studio 15
VisualStudioVersion = 15.0.28010.2048
MinimumVisualStudioVersion = 10.0.40219.1
Project("{8BC9CEB8-8B4A-11D0-8D11-00A0C91BC942}") = "HackerRank.C++", "HackerRank.C++\HackerRank.C++.vcxproj", "{C4443577-26D5-4235-824F-A41B3DB67B47}"
EndProject
Project("{00D1A9C2-B5F0-4AF3-8072-F6C62B433612}") = "HackerRank.SQL", "HackerRank.SQL\HackerRank.SQL.sqlproj", "{5A37E133-ACBE-4B86-954E-7AAAA93F40F6}"
EndProject
Project("{8BC9CEB8-8B4A-11D0-8D11-00A0C91BC942}") = "HackerRank.ProjectEuler", "HackerRank.ProjectEuler\HackerRank.ProjectEuler.vcxproj", "{AA3B83DB-C225-4039-A0AD-B73AA0FA3C41}"
EndProject
Global
	GlobalSection(SolutionConfigurationPlatforms) = preSolution
		Debug|Any CPU = Debug|Any CPU
		Debug|x64 = Debug|x64
		Debug|x86 = Debug|x86
		Release|Any CPU = Release|Any CPU
		Release|x64 = Release|x64
		Release|x86 = Release|x86
	EndGlobalSection
	GlobalSection(ProjectConfigurationPlatforms) = postSolution
		{C4443577-26D5-4235-824F-A41B3DB67B47}.Debug|Any CPU.ActiveCfg = Debug|Win32
		{C4443577-26D5-4235-824F-A41B3DB67B47}.Debug|x64.ActiveCfg = Debug|x64
		{C4443577-26D5-4235-824F-A41B3DB67B47}.Debug|x64.Build.0 = Debug|x64
		{C4443577-26D5-4235-824F-A41B3DB67B47}.Debug|x86.ActiveCfg = Debug|Win32
		{C4443577-26D5-4235-824F-A41B3DB67B47}.Debug|x86.Build.0 = Debug|Win32
		{C4443577-26D5-4235-824F-A41B3DB67B47}.Release|Any CPU.ActiveCfg = Release|Win32
		{C4443577-26D5-4235-824F-A41B3DB67B47}.Release|x64.ActiveCfg = Release|x64
		{C4443577-26D5-4235-824F-A41B3DB67B47}.Release|x64.Build.0 = Release|x64
		{C4443577-26D5-4235-824F-A41B3DB67B47}.Release|x86.ActiveCfg = Release|Win32
		{C4443577-26D5-4235-824F-A41B3DB67B47}.Release|x86.Build.0 = Release|Win32
		{5A37E133-ACBE-4B86-954E-7AAAA93F40F6}.Debug|Any CPU.ActiveCfg = Debug|Any CPU
		{5A37E133-ACBE-4B86-954E-7AAAA93F40F6}.Debug|Any CPU.Build.0 = Debug|Any CPU
		{5A37E133-ACBE-4B86-954E-7AAAA93F40F6}.Debug|Any CPU.Deploy.0 = Debug|Any CPU
		{5A37E133-ACBE-4B86-954E-7AAAA93F40F6}.Debug|x64.ActiveCfg = Debug|Any CPU
		{5A37E133-ACBE-4B86-954E-7AAAA93F40F6}.Debug|x64.Build.0 = Debug|Any CPU
		{5A37E133-ACBE-4B86-954E-7AAAA93F40F6}.Debug|x64.Deploy.0 = Debug|Any CPU
		{5A37E133-ACBE-4B86-954E-7AAAA93F40F6}.Debug|x86.ActiveCfg = Debug|Any CPU
		{5A37E133-ACBE-4B86-954E-7AAAA93F40F6}.Debug|x86.Build.0 = Debug|Any CPU
		{5A37E133-ACBE-4B86-954E-7AAAA93F40F6}.Debug|x86.Deploy.0 = Debug|Any CPU
		{5A37E133-ACBE-4B86-954E-7AAAA93F40F6}.Release|Any CPU.ActiveCfg = Release|Any CPU
		{5A37E133-ACBE-4B86-954E-7AAAA93F40F6}.Release|Any CPU.Build.0 = Release|Any CPU
		{5A37E133-ACBE-4B86-954E-7AAAA93F40F6}.Release|Any CPU.Deploy.0 = Release|Any CPU
		{5A37E133-ACBE-4B86-954E-7AAAA93F40F6}.Release|x64.ActiveCfg = Release|Any CPU
		{5A37E133-ACBE-4B86-954E-7AAAA93F40F6}.Release|x64.Build.0 = Release|Any CPU
		{5A37E133-ACBE-4B86-954E-7AAAA93F40F6}.Release|x64.Deploy.0 = Release|Any CPU
		{5A37E133-ACBE-4B86-954E-7AAAA93F40F6}.Release|x86.ActiveCfg = Release|Any CPU
		{5A37E133-ACBE-4B86-954E-7AAAA93F40F6}.Release|x86.Build.0 = Release|Any CPU
		{5A37E133-ACBE-4B86-954E-7AAAA93F40F6}.Release|x86.Deploy.0 = Release|Any CPU
		{AA3B83DB-C225-4039-A0AD-B73AA0FA3C41}.Debug|Any CPU.ActiveCfg = Debug|Win32
		{AA3B83DB-C225-4039-A0AD-B73AA0FA3C41}.Debug|x64.ActiveCfg = Debug|x64
		{AA3B83DB-C225-4039-A0AD-B73AA0FA3C41}.Debug|x64.Build.0 = Debug|x64
		{AA3B83DB-C225-4039-A0AD-B73AA0FA3C41}.Debug|x86.ActiveCfg = Debug|Win32
		{AA3B83DB-C225-4039-A0AD-B73AA0FA3C41}.Debug|x86.Build.0 = Debug|Win32
		{AA3B83DB-C225-4039-A0AD-B73AA0FA3C41}.Release|Any CPU.ActiveCfg = Release|Win32
		{AA3B83DB-C225-4039-A0AD-B73AA0FA3C41}.Release|x64.ActiveCfg = Release|x64
		{AA3B83DB-C225-4039-A0AD-B73AA0FA3C41}.Release|x64.Build.0 = Release|x64
		{AA3B83DB-C225-4039-A0AD-B73AA0FA3C41}.Release|x86.ActiveCfg = Release|Win32
		{AA3B83DB-C225-4039-A0AD-B73AA0FA3C41}.Release|x86.Build.0 = Release|Win32
	EndGlobalSection
	GlobalSection(SolutionProperties) = preSolution
		HideSolutionNode = FALSE
	EndGlobalSection
	GlobalSection(ExtensibilityGlobals) = postSolution
		SolutionGuid = {FC71E549-58C8-4190-BAB9-B0ADE5775F8E}
	EndGlobalSection
EndGlobal
