<?xml version="1.0" encoding="utf-8"?>
<Project ToolsVersion="4.0" xmlns="http://schemas.microsoft.com/developer/msbuild/2003">
  <ItemGroup>
    <Filter Include="Source Files">
      <UniqueIdentifier>{4FC737F1-C7A5-4376-A066-2A32D752A2FF}</UniqueIdentifier>
      <Extensions>cpp;c;cc;cxx;def;odl;idl;hpj;bat;asm;asmx</Extensions>
    </Filter>
    <Filter Include="Header Files">
      <UniqueIdentifier>{93995380-89BD-4b04-88EB-625FBE52EBFB}</UniqueIdentifier>
      <Extensions>h;hh;hpp;hxx;hm;inl;inc;ipp;xsd</Extensions>
    </Filter>
    <Filter Include="Resource Files">
      <UniqueIdentifier>{67DA6AB6-F800-4c08-8B7A-83BB121AAD01}</UniqueIdentifier>
      <Extensions>rc;ico;cur;bmp;dlg;rc2;rct;bin;rgs;gif;jpg;jpeg;jpe;resx;tiff;tif;png;wav;mfcribbon-ms</Extensions>
    </Filter>
  </ItemGroup>
  <ItemGroup>
    <ClInclude Include="pch.h">
      <Filter>Header Files</Filter>
    </ClInclude>
    <ClInclude Include="node.h">
      <Filter>Header Files</Filter>
    </ClInclude>
  </ItemGroup>
  <ItemGroup>
    <ClCompile Include="_main.cpp">
      <Filter>Source Files</Filter>
    </ClCompile>
    <ClCompile Include="c-tutorial-basic-data-types.cpp">
      <Filter>Source Files</Filter>
    </ClCompile>
    <ClCompile Include="c-tutorial-conditional-if-else.cpp">
      <Filter>Source Files</Filter>
    </ClCompile>
    <ClCompile Include="c-tutorial-for-loop.cpp">
      <Filter>Source Files</Filter>
    </ClCompile>
    <ClCompile Include="c-tutorial-pointer.cpp">
      <Filter>Source Files</Filter>
    </ClCompile>
    <ClCompile Include="c-tutorial-functions.cpp">
      <Filter>Source Files</Filter>
    </ClCompile>
    <ClCompile Include="arrays-introduction.cpp">
      <Filter>Source Files</Filter>
    </ClCompile>
    <ClCompile Include="cpp-hello-world.cpp">
      <Filter>Source Files</Filter>
    </ClCompile>
    <ClCompile Include="cpp-input-and-output.cpp">
      <Filter>Source Files</Filter>
    </ClCompile>
    <ClCompile Include="c-tutorial-strings.cpp">
      <Filter>Source Files</Filter>
    </ClCompile>
    <ClCompile Include="c-tutorial-stringstream.cpp">
      <Filter>Source Files</Filter>
    </ClCompile>
    <ClCompile Include="c-tutorial-struct.cpp">
      <Filter>Source Files</Filter>
    </ClCompile>
    <ClCompile Include="c-tutorial-class.cpp">
      <Filter>Source Files</Filter>
    </ClCompile>
    <ClCompile Include="vector-sort.cpp">
      <Filter>Source Files</Filter>
    </ClCompile>
    <ClCompile Include="vector-erase.cpp">
      <Filter>Source Files</Filter>
    </ClCompile>
    <ClCompile Include="cpp-lower-bound.cpp">
      <Filter>Source Files</Filter>
    </ClCompile>
    <ClCompile Include="cpp-sets.cpp">
      <Filter>Source Files</Filter>
    </ClCompile>
    <ClCompile Include="cpp-maps.cpp">
      <Filter>Source Files</Filter>
    </ClCompile>
    <ClCompile Include="inheritance-introduction.cpp">
      <Filter>Source Files</Filter>
    </ClCompile>
    <ClCompile Include="multi-level-inheritance-cpp.cpp">
      <Filter>Source Files</Filter>
    </ClCompile>
    <ClCompile Include="print-the-elements-of-a-linked-list.cpp">
      <Filter>Source Files</Filter>
    </ClCompile>
    <ClCompile Include="insert-a-node-at-the-tail-of-a-linked-list.cpp">
      <Filter>Source Files</Filter>
    </ClCompile>
    <ClCompile Include="insert-a-node-at-the-head-of-a-linked-list.cpp">
      <Filter>Source Files</Filter>
    </ClCompile>
    <ClCompile Include="insert-a-node-at-a-specific-position-in-a-linked-list.cpp">
      <Filter>Source Files</Filter>
    </ClCompile>
    <ClCompile Include="delete-a-node-from-a-linked-list.cpp">
      <Filter>Source Files</Filter>
    </ClCompile>
    <ClCompile Include="print-the-elements-of-a-linked-list-in-reverse.cpp">
      <Filter>Source Files</Filter>
    </ClCompile>
    <ClCompile Include="reverse-a-linked-list.cpp">
      <Filter>Source Files</Filter>
    </ClCompile>
    <ClCompile Include="compare-two-linked-lists.cpp">
      <Filter>Source Files</Filter>
    </ClCompile>
    <ClCompile Include="merge-two-sorted-linked-lists.cpp">
      <Filter>Source Files</Filter>
    </ClCompile>
    <ClCompile Include="get-the-value-of-the-node-at-a-specific-position-from-the-tail.cpp">
      <Filter>Source Files</Filter>
    </ClCompile>
    <ClCompile Include="delete-duplicate-value-nodes-from-a-sorted-linked-list.cpp">
      <Filter>Source Files</Filter>
    </ClCompile>
    <ClCompile Include="detect-whether-a-linked-list-contains-a-cycle.cpp">
      <Filter>Source Files</Filter>
    </ClCompile>
    <ClCompile Include="find-the-merge-point-of-two-joined-linked-lists.cpp">
      <Filter>Source Files</Filter>
    </ClCompile>
    <ClCompile Include="insert-a-node-into-a-sorted-doubly-linked-list.cpp">
      <Filter>Source Files</Filter>
    </ClCompile>
    <ClCompile Include="reverse-a-doubly-linked-list.cpp">
      <Filter>Source Files</Filter>
    </ClCompile>
    <ClCompile Include="tree-preorder-traversal.cpp">
      <Filter>Source Files</Filter>
    </ClCompile>
    <ClCompile Include="tree-postorder-traversal.cpp">
      <Filter>Source Files</Filter>
    </ClCompile>
    <ClCompile Include="tree-inorder-traversal.cpp">
      <Filter>Source Files</Filter>
    </ClCompile>
    <ClCompile Include="tree-height-of-a-binary-tree.cpp">
      <Filter>Source Files</Filter>
    </ClCompile>
    <ClCompile Include="tree-top-view.cpp">
      <Filter>Source Files</Filter>
    </ClCompile>
    <ClCompile Include="saveprincess.cpp">
      <Filter>Source Files</Filter>
    </ClCompile>
    <ClCompile Include="tree-level-order-traversal.cpp">
      <Filter>Source Files</Filter>
    </ClCompile>
    <ClCompile Include="binary-search-tree-insertion.cpp">
      <Filter>Source Files</Filter>
    </ClCompile>
    <ClCompile Include="tree-huffman-decoding.cpp">
      <Filter>Source Files</Filter>
    </ClCompile>
    <ClCompile Include="binary-search-tree-lowest-common-ancestor.cpp">
      <Filter>Source Files</Filter>
    </ClCompile>
    <ClCompile Include="a-very-big-sum.cpp">
      <Filter>Source Files</Filter>
    </ClCompile>
    <ClCompile Include="2d-array.cpp">
      <Filter>Source Files</Filter>
    </ClCompile>
    <ClCompile Include="ctci-array-left-rotation.cpp">
      <Filter>Source Files</Filter>
    </ClCompile>
    <ClCompile Include="swap_nodes_algo.cpp">
      <Filter>Source Files</Filter>
    </ClCompile>
    <ClCompile Include="_pch.cpp">
      <Filter>Source Files</Filter>
    </ClCompile>
  </ItemGroup>
</Project>